<?xml version="1.0" encoding="utf-8"?>
<Project ToolsVersion="4.0" xmlns="http://schemas.microsoft.com/developer/msbuild/2003">
  <ItemGroup>
    <Filter Include="Source Files">
      <UniqueIdentifier>{4FC737F1-C7A5-4376-A066-2A32D752A2FF}</UniqueIdentifier>
      <Extensions>cpp;c;cc;cxx;c++;cppm;ixx;def;odl;idl;hpj;bat;asm;asmx</Extensions>
    </Filter>
    <Filter Include="Header Files">
      <UniqueIdentifier>{93995380-89BD-4b04-88EB-625FBE52EBFB}</UniqueIdentifier>
      <Extensions>h;hh;hpp;hxx;h++;hm;inl;inc;ipp;xsd</Extensions>
    </Filter>
    <Filter Include="Resource Files">
      <UniqueIdentifier>{67DA6AB6-F800-4c08-8B7A-83BB121AAD01}</UniqueIdentifier>
      <Extensions>rc;ico;cur;bmp;dlg;rc2;rct;bin;rgs;gif;jpg;jpeg;jpe;resx;tiff;tif;png;wav;mfcribbon-ms</Extensions>
    </Filter>
  </ItemGroup>
  <ItemGroup>
    <ClCompile Include="src\main.cpp">
      <Filter>Source Files</Filter>
    </ClCompile>
    <ClCompile Include="src\application.cpp">
      <Filter>Source Files</Filter>
    </ClCompile>
    <ClCompile Include="src\gui\window.cpp">
      <Filter>Source Files</Filter>
    </ClCompile>
    <ClCompile Include="src\canvas.cpp">
      <Filter>Source Files</Filter>
    </ClCompile>
    <ClCompile Include="src\net\server.cpp">
      <Filter>Source Files</Filter>
    </ClCompile>
    <ClCompile Include="src\gui\imgadjdlg.cpp">
      <Filter>Source Files</Filter>
    </ClCompile>
    <ClCompile Include="src\gui\devicesview.cpp">
      <Filter>Source Files</Filter>
    </ClCompile>
    <ClCompile Include="src\gui\qrconview.cpp">
      <Filter>Source Files</Filter>
    </ClCompile>
    <ClCompile Include="src\net\connection.cpp">
      <Filter>Source Files</Filter>
    </ClCompile>
    <ClCompile Include="src\rtsp\receiver.cpp">
      <Filter>Source Files</Filter>
    </ClCompile>
    <ClCompile Include="src\rtsp\manager.cpp">
      <Filter>Source Files</Filter>
    </ClCompile>
    <ClCompile Include="src\video\framescaler.cpp">
      <Filter>Source Files</Filter>
    </ClCompile>
    <ClCompile Include="src\video\guipreviewscaler.cpp">
      <Filter>Source Files</Filter>
    </ClCompile>
    <ClCompile Include="src\video\directshowscaler.cpp">
      <Filter>Source Files</Filter>
    </ClCompile>
    <ClCompile Include="src\directshowsource.cpp">
      <Filter>Source Files</Filter>
    </ClCompile>
    <ClCompile Include="src\settings.cpp">
      <Filter>Source Files</Filter>
    </ClCompile>
    <ClCompile Include="src\gui\streamconfigdlg.cpp">
      <Filter>Source Files</Filter>
    </ClCompile>
    <ClCompile Include="src\net\serializer.cpp">
      <Filter>Source Files</Filter>
    </ClCompile>
  </ItemGroup>
  <ItemGroup>
    <ClInclude Include="include\application.h">
      <Filter>Header Files</Filter>
    </ClInclude>
    <ClInclude Include="include\gui\window.h">
      <Filter>Header Files</Filter>
    </ClInclude>
    <ClInclude Include="include\canvas.h">
      <Filter>Header Files</Filter>
    </ClInclude>
    <ClInclude Include="include\net\server.h">
      <Filter>Header Files</Filter>
    </ClInclude>
    <ClInclude Include="include\logger.h">
      <Filter>Header Files</Filter>
    </ClInclude>
    <ClInclude Include="include\gui\imgadjdlg.h">
      <Filter>Header Files</Filter>
    </ClInclude>
    <ClInclude Include="include\gui\devicesview.h">
      <Filter>Header Files</Filter>
    </ClInclude>
    <ClInclude Include="include\gui\qrconview.h">
      <Filter>Header Files</Filter>
    </ClInclude>
    <ClInclude Include="include\net\connection.h">
      <Filter>Header Files</Filter>
    </ClInclude>
    <ClInclude Include="include\adb.h">
      <Filter>Header Files</Filter>
    </ClInclude>
    <ClInclude Include="include\rtsp\receiver.h">
      <Filter>Header Files</Filter>
    </ClInclude>
    <ClInclude Include="include\rtsp\ffmpeg.h">
      <Filter>Header Files</Filter>
    </ClInclude>
    <ClInclude Include="include\net\devicedescriptor.h">
      <Filter>Header Files</Filter>
    </ClInclude>
    <ClInclude Include="include\rtsp\manager.h">
      <Filter>Header Files</Filter>
    </ClInclude>
    <ClInclude Include="include\rtsp\ffmpeginterrupt.h">
      <Filter>Header Files</Filter>
    </ClInclude>
    <ClInclude Include="include\directshowsource.h">
      <Filter>Header Files</Filter>
    </ClInclude>
    <ClInclude Include="include\video\framescaler.h">
      <Filter>Header Files</Filter>
    </ClInclude>
    <ClInclude Include="include\video\guipreviewscaler.h">
      <Filter>Header Files</Filter>
    </ClInclude>
    <ClInclude Include="include\video\directshowscaler.h">
      <Filter>Header Files</Filter>
    </ClInclude>
    <ClInclude Include="include\video\filter.h">
      <Filter>Header Files</Filter>
    </ClInclude>
    <ClInclude Include="include\rtsp\streamoptions.h">
      <Filter>Header Files</Filter>
    </ClInclude>
    <ClInclude Include="include\gui\streamconfigdlg.h">
      <Filter>Header Files</Filter>
    </ClInclude>
    <ClInclude Include="include\net\serializer.h">
      <Filter>Header Files</Filter>
    </ClInclude>
    <ClInclude Include="include\rtsp\constants.h">
      <Filter>Header Files</Filter>
    </ClInclude>
    <ClInclude Include="src\adb.h">
      <Filter>Header Files</Filter>
    </ClInclude>
    <ClInclude Include="src\application.h">
      <Filter>Header Files</Filter>
    </ClInclude>
    <ClInclude Include="src\canvas.h">
      <Filter>Header Files</Filter>
    </ClInclude>
    <ClInclude Include="src\directshowsource.h">
      <Filter>Header Files</Filter>
    </ClInclude>
    <ClInclude Include="src\logger.h">
      <Filter>Header Files</Filter>
    </ClInclude>
    <ClInclude Include="src\settings.h">
      <Filter>Header Files</Filter>
    </ClInclude>
    <ClInclude Include="src\gui\devicesview.h">
      <Filter>Header Files</Filter>
    </ClInclude>
    <ClInclude Include="src\gui\imgadjdlg.h">
      <Filter>Header Files</Filter>
    </ClInclude>
    <ClInclude Include="src\gui\qrconview.h">
      <Filter>Header Files</Filter>
    </ClInclude>
    <ClInclude Include="src\gui\streamconfigdlg.h">
      <Filter>Header Files</Filter>
    </ClInclude>
    <ClInclude Include="src\gui\window.h">
      <Filter>Header Files</Filter>
    </ClInclude>
    <ClInclude Include="src\net\connection.h">
      <Filter>Header Files</Filter>
    </ClInclude>
    <ClInclude Include="src\net\devicedescriptor.h">
      <Filter>Header Files</Filter>
    </ClInclude>
    <ClInclude Include="src\net\serializer.h">
      <Filter>Header Files</Filter>
    </ClInclude>
    <ClInclude Include="src\net\server.h">
      <Filter>Header Files</Filter>
    </ClInclude>
    <ClInclude Include="src\rtsp\constants.h">
      <Filter>Header Files</Filter>
    </ClInclude>
    <ClInclude Include="src\rtsp\ffmpeg.h">
      <Filter>Header Files</Filter>
    </ClInclude>
    <ClInclude Include="src\rtsp\ffmpeginterrupt.h">
      <Filter>Header Files</Filter>
    </ClInclude>
    <ClInclude Include="src\rtsp\manager.h">
      <Filter>Header Files</Filter>
    </ClInclude>
    <ClInclude Include="src\rtsp\receiver.h">
      <Filter>Header Files</Filter>
    </ClInclude>
    <ClInclude Include="src\rtsp\streamoptions.h">
      <Filter>Header Files</Filter>
    </ClInclude>
    <ClInclude Include="src\video\directshowscaler.h">
      <Filter>Header Files</Filter>
    </ClInclude>
    <ClInclude Include="src\video\filter.h">
      <Filter>Header Files</Filter>
    </ClInclude>
    <ClInclude Include="src\video\framescaler.h">
      <Filter>Header Files</Filter>
    </ClInclude>
    <ClInclude Include="src\video\guipreviewscaler.h">
      <Filter>Header Files</Filter>
    </ClInclude>
  </ItemGroup>
  <ItemGroup>
    <ResourceCompile Include="res\resource.rc">
      <Filter>Resource Files</Filter>
    </ResourceCompile>
  </ItemGroup>
</Project>